{
    "version": 3,
    "terraform_version": "0.11.13",
    "serial": 5,
    "lineage": "a6a272b9-c50e-1df2-32e2-a2a006a7343a",
    "modules": [
        {
            "path": [
                "root"
            ],
            "outputs": {},
            "resources": {},
            "depends_on": []
        },
        {
            "path": [
                "root",
                "backend"
            ],
            "outputs": {},
            "resources": {
                "aws_instance.backend": {
                    "type": "aws_instance",
                    "depends_on": [
                        "aws_key_pair.pair",
                        "aws_security_group.examplesg",
                        "data.aws_availability_zones.azs"
                    ],
                    "primary": {
                        "id": "i-0e77604525fa8c655",
                        "attributes": {
                            "ami": "ami-0de53d8956e8dcf80",
                            "arn": "arn:aws:ec2:us-east-1:501558342260:instance/i-0e77604525fa8c655",
                            "associate_public_ip_address": "true",
                            "availability_zone": "us-east-1a",
                            "cpu_core_count": "1",
                            "cpu_threads_per_core": "1",
                            "credit_specification.#": "1",
                            "credit_specification.0.cpu_credits": "standard",
                            "disable_api_termination": "false",
                            "ebs_block_device.#": "0",
                            "ebs_optimized": "false",
                            "ephemeral_block_device.#": "0",
                            "get_password_data": "false",
                            "iam_instance_profile": "",
                            "id": "i-0e77604525fa8c655",
                            "instance_state": "running",
                            "instance_type": "t2.micro",
                            "ipv6_address_count": "0",
                            "ipv6_addresses.#": "0",
                            "key_name": "key",
                            "monitoring": "false",
                            "network_interface.#": "0",
                            "password_data": "",
                            "placement_group": "",
                            "primary_network_interface_id": "eni-0a38a74e0e041da0c",
                            "private_dns": "ip-172-31-9-87.ec2.internal",
                            "private_ip": "172.31.9.87",
                            "public_dns": "ec2-18-209-93-130.compute-1.amazonaws.com",
                            "public_ip": "18.209.93.130",
                            "root_block_device.#": "1",
                            "root_block_device.0.delete_on_termination": "true",
                            "root_block_device.0.iops": "100",
                            "root_block_device.0.volume_id": "vol-08d4148d10f9efd63",
                            "root_block_device.0.volume_size": "8",
                            "root_block_device.0.volume_type": "gp2",
                            "security_groups.#": "1",
                            "security_groups.2646705555": "terraform-20190507071951738300000001",
                            "source_dest_check": "true",
                            "subnet_id": "subnet-c3ba59a7",
                            "tags.%": "0",
                            "tenancy": "default",
                            "volume_tags.%": "0",
                            "vpc_security_group_ids.#": "1",
                            "vpc_security_group_ids.1795930807": "sg-074d5117279ea1721"
                        },
                        "meta": {
                            "e2bfb730-ecaa-11e6-8f88-34363bc7c4c0": {
                                "create": 600000000000,
                                "delete": 1200000000000,
                                "update": 600000000000
                            },
                            "schema_version": "1"
                        },
                        "tainted": false
                    },
                    "deposed": [],
                    "provider": "module.backend.provider.aws"
                },
                "aws_key_pair.pair": {
                    "type": "aws_key_pair",
                    "depends_on": [],
                    "primary": {
                        "id": "key",
                        "attributes": {
                            "fingerprint": "78:35:87:cb:0b:1c:3f:5d:1b:2f:2a:c4:9e:50:3e:82",
                            "id": "key",
                            "key_name": "key",
                            "public_key": "ssh-rsa AAAAB3NzaC1yc2EAAAADAQABAAABAQDLO4HTQmwNj5X7NTgKJwT+Kdamfb9dKDbe/cY39beZ4KBm5a3CMw/Nv1CckRh9BhPAL6kCB8wCbQCUaJj79Lb9/9vRCB5muXYvmzRsC/Aj+krvAx55pHtcUOGzuFY1eaGzdzsho6q6qWBVFrXVI5EKr9Td1XO1jhcASASZG9FLU7lzAW3hQvVB6Bk6SVkbCcaI+jge9Ll7YqTwTbHc/wc8PBPqRCKitpn2ZOIz4serEhnCOE9TnACYqo52elPm8UP+5tJjQE6pZRP2GY+u3tX4sF6lP9iVG+kt9JWiZ6h2dOTAyp133k4whI099B1qQmqqFINnCzaKbLj6NApsfK6/ root@localhost.localdomain"
                        },
                        "meta": {
                            "schema_version": "1"
                        },
                        "tainted": false
                    },
                    "deposed": [],
                    "provider": "module.backend.provider.aws"
                },
                "aws_security_group.examplesg": {
                    "type": "aws_security_group",
                    "depends_on": [],
                    "primary": {
                        "id": "sg-074d5117279ea1721",
                        "attributes": {
                            "arn": "arn:aws:ec2:us-east-1:501558342260:security-group/sg-074d5117279ea1721",
                            "description": "Managed by Terraform",
                            "egress.#": "1",
                            "egress.482069346.cidr_blocks.#": "1",
                            "egress.482069346.cidr_blocks.0": "0.0.0.0/0",
                            "egress.482069346.description": "",
                            "egress.482069346.from_port": "0",
                            "egress.482069346.ipv6_cidr_blocks.#": "0",
                            "egress.482069346.prefix_list_ids.#": "0",
                            "egress.482069346.protocol": "-1",
                            "egress.482069346.security_groups.#": "0",
                            "egress.482069346.self": "false",
                            "egress.482069346.to_port": "0",
                            "id": "sg-074d5117279ea1721",
                            "ingress.#": "2",
                            "ingress.2214680975.cidr_blocks.#": "1",
                            "ingress.2214680975.cidr_blocks.0": "0.0.0.0/0",
                            "ingress.2214680975.description": "",
                            "ingress.2214680975.from_port": "80",
                            "ingress.2214680975.ipv6_cidr_blocks.#": "0",
                            "ingress.2214680975.prefix_list_ids.#": "0",
                            "ingress.2214680975.protocol": "tcp",
                            "ingress.2214680975.security_groups.#": "0",
                            "ingress.2214680975.self": "false",
                            "ingress.2214680975.to_port": "80",
                            "ingress.2541437006.cidr_blocks.#": "1",
                            "ingress.2541437006.cidr_blocks.0": "0.0.0.0/0",
                            "ingress.2541437006.description": "",
                            "ingress.2541437006.from_port": "22",
                            "ingress.2541437006.ipv6_cidr_blocks.#": "0",
                            "ingress.2541437006.prefix_list_ids.#": "0",
                            "ingress.2541437006.protocol": "tcp",
                            "ingress.2541437006.security_groups.#": "0",
                            "ingress.2541437006.self": "false",
                            "ingress.2541437006.to_port": "22",
                            "name": "terraform-20190507071951738300000001",
                            "owner_id": "501558342260",
                            "revoke_rules_on_delete": "false",
                            "tags.%": "0",
                            "vpc_id": "vpc-b8680cc1"
                        },
                        "meta": {
                            "e2bfb730-ecaa-11e6-8f88-34363bc7c4c0": {
                                "create": 600000000000,
                                "delete": 600000000000
                            },
                            "schema_version": "1"
                        },
                        "tainted": false
                    },
                    "deposed": [],
                    "provider": "module.backend.provider.aws"
                },
                "data.aws_availability_zones.azs": {
                    "type": "aws_availability_zones",
                    "depends_on": [],
                    "primary": {
                        "id": "2019-05-07 07:22:43.377309787 +0000 UTC",
                        "attributes": {
                            "id": "2019-05-07 07:22:43.377309787 +0000 UTC",
                            "names.#": "6",
                            "names.0": "us-east-1a",
                            "names.1": "us-east-1b",
                            "names.2": "us-east-1c",
                            "names.3": "us-east-1d",
                            "names.4": "us-east-1e",
                            "names.5": "us-east-1f",
                            "zone_ids.#": "6",
                            "zone_ids.0": "use1-az1",
                            "zone_ids.1": "use1-az2",
                            "zone_ids.2": "use1-az4",
                            "zone_ids.3": "use1-az6",
                            "zone_ids.4": "use1-az3",
                            "zone_ids.5": "use1-az5"
                        },
                        "meta": {},
                        "tainted": false
                    },
                    "deposed": [],
                    "provider": "module.backend.provider.aws"
                }
            },
            "depends_on": []
        },
        {
            "path": [
                "root",
                "frontend"
            ],
            "outputs": {},
            "resources": {
                "aws_instance.frontend": {
                    "type": "aws_instance",
                    "depends_on": [
                        "aws_key_pair.pair",
                        "aws_security_group.examplesg",
                        "data.aws_availability_zones.azs"
                    ],
                    "primary": {
                        "id": "i-0b862379f7466ac82",
                        "attributes": {
                            "ami": "ami-0de53d8956e8dcf80",
                            "arn": "arn:aws:ec2:us-east-1:501558342260:instance/i-0b862379f7466ac82",
                            "associate_public_ip_address": "true",
                            "availability_zone": "us-east-1a",
                            "cpu_core_count": "1",
                            "cpu_threads_per_core": "1",
                            "credit_specification.#": "1",
                            "credit_specification.0.cpu_credits": "standard",
                            "disable_api_termination": "false",
                            "ebs_block_device.#": "0",
                            "ebs_optimized": "false",
                            "ephemeral_block_device.#": "0",
                            "get_password_data": "false",
                            "iam_instance_profile": "",
                            "id": "i-0b862379f7466ac82",
                            "instance_state": "running",
                            "instance_type": "t2.micro",
                            "ipv6_address_count": "0",
                            "ipv6_addresses.#": "0",
                            "key_name": "fkey",
                            "monitoring": "false",
                            "network_interface.#": "0",
                            "password_data": "",
                            "placement_group": "",
                            "primary_network_interface_id": "eni-0572ebd3e610f0993",
                            "private_dns": "ip-172-31-2-254.ec2.internal",
                            "private_ip": "172.31.2.254",
                            "public_dns": "ec2-34-234-164-121.compute-1.amazonaws.com",
                            "public_ip": "34.234.164.121",
                            "root_block_device.#": "1",
                            "root_block_device.0.delete_on_termination": "true",
                            "root_block_device.0.iops": "100",
                            "root_block_device.0.volume_id": "vol-08b88fad7e31fdfd0",
                            "root_block_device.0.volume_size": "8",
                            "root_block_device.0.volume_type": "gp2",
                            "security_groups.#": "1",
                            "security_groups.2360354580": "terraform-20190507071951750500000002",
                            "source_dest_check": "true",
                            "subnet_id": "subnet-c3ba59a7",
                            "tags.%": "0",
                            "tenancy": "default",
                            "volume_tags.%": "0",
                            "vpc_security_group_ids.#": "1",
                            "vpc_security_group_ids.3880075906": "sg-0b0cb87691c5394d2"
                        },
                        "meta": {
                            "e2bfb730-ecaa-11e6-8f88-34363bc7c4c0": {
                                "create": 600000000000,
                                "delete": 1200000000000,
                                "update": 600000000000
                            },
                            "schema_version": "1"
                        },
                        "tainted": false
                    },
                    "deposed": [],
                    "provider": "module.frontend.provider.aws"
                },
                "aws_key_pair.pair": {
                    "type": "aws_key_pair",
                    "depends_on": [],
                    "primary": {
                        "id": "fkey",
                        "attributes": {
                            "fingerprint": "78:35:87:cb:0b:1c:3f:5d:1b:2f:2a:c4:9e:50:3e:82",
                            "id": "fkey",
                            "key_name": "fkey",
                            "public_key": "ssh-rsa AAAAB3NzaC1yc2EAAAADAQABAAABAQDLO4HTQmwNj5X7NTgKJwT+Kdamfb9dKDbe/cY39beZ4KBm5a3CMw/Nv1CckRh9BhPAL6kCB8wCbQCUaJj79Lb9/9vRCB5muXYvmzRsC/Aj+krvAx55pHtcUOGzuFY1eaGzdzsho6q6qWBVFrXVI5EKr9Td1XO1jhcASASZG9FLU7lzAW3hQvVB6Bk6SVkbCcaI+jge9Ll7YqTwTbHc/wc8PBPqRCKitpn2ZOIz4serEhnCOE9TnACYqo52elPm8UP+5tJjQE6pZRP2GY+u3tX4sF6lP9iVG+kt9JWiZ6h2dOTAyp133k4whI099B1qQmqqFINnCzaKbLj6NApsfK6/ root@localhost.localdomain"
                        },
                        "meta": {
                            "schema_version": "1"
                        },
                        "tainted": false
                    },
                    "deposed": [],
                    "provider": "module.frontend.provider.aws"
                },
                "aws_security_group.examplesg": {
                    "type": "aws_security_group",
                    "depends_on": [],
                    "primary": {
                        "id": "sg-0b0cb87691c5394d2",
                        "attributes": {
                            "arn": "arn:aws:ec2:us-east-1:501558342260:security-group/sg-0b0cb87691c5394d2",
                            "description": "Managed by Terraform",
                            "egress.#": "1",
                            "egress.482069346.cidr_blocks.#": "1",
                            "egress.482069346.cidr_blocks.0": "0.0.0.0/0",
                            "egress.482069346.description": "",
                            "egress.482069346.from_port": "0",
                            "egress.482069346.ipv6_cidr_blocks.#": "0",
                            "egress.482069346.prefix_list_ids.#": "0",
                            "egress.482069346.protocol": "-1",
                            "egress.482069346.security_groups.#": "0",
                            "egress.482069346.self": "false",
                            "egress.482069346.to_port": "0",
                            "id": "sg-0b0cb87691c5394d2",
                            "ingress.#": "2",
                            "ingress.2214680975.cidr_blocks.#": "1",
                            "ingress.2214680975.cidr_blocks.0": "0.0.0.0/0",
                            "ingress.2214680975.description": "",
                            "ingress.2214680975.from_port": "80",
                            "ingress.2214680975.ipv6_cidr_blocks.#": "0",
                            "ingress.2214680975.prefix_list_ids.#": "0",
                            "ingress.2214680975.protocol": "tcp",
                            "ingress.2214680975.security_groups.#": "0",
                            "ingress.2214680975.self": "false",
                            "ingress.2214680975.to_port": "80",
                            "ingress.2541437006.cidr_blocks.#": "1",
                            "ingress.2541437006.cidr_blocks.0": "0.0.0.0/0",
                            "ingress.2541437006.description": "",
                            "ingress.2541437006.from_port": "22",
                            "ingress.2541437006.ipv6_cidr_blocks.#": "0",
                            "ingress.2541437006.prefix_list_ids.#": "0",
                            "ingress.2541437006.protocol": "tcp",
                            "ingress.2541437006.security_groups.#": "0",
                            "ingress.2541437006.self": "false",
                            "ingress.2541437006.to_port": "22",
                            "name": "terraform-20190507071951750500000002",
                            "owner_id": "501558342260",
                            "revoke_rules_on_delete": "false",
                            "tags.%": "0",
                            "vpc_id": "vpc-b8680cc1"
                        },
                        "meta": {
                            "e2bfb730-ecaa-11e6-8f88-34363bc7c4c0": {
                                "create": 600000000000,
                                "delete": 600000000000
                            },
                            "schema_version": "1"
                        },
                        "tainted": false
                    },
                    "deposed": [],
                    "provider": "module.frontend.provider.aws"
                },
                "data.aws_availability_zones.azs": {
                    "type": "aws_availability_zones",
                    "depends_on": [],
                    "primary": {
                        "id": "2019-05-07 07:22:43.477878704 +0000 UTC",
                        "attributes": {
                            "id": "2019-05-07 07:22:43.477878704 +0000 UTC",
                            "names.#": "6",
                            "names.0": "us-east-1a",
                            "names.1": "us-east-1b",
                            "names.2": "us-east-1c",
                            "names.3": "us-east-1d",
                            "names.4": "us-east-1e",
                            "names.5": "us-east-1f",
                            "zone_ids.#": "6",
                            "zone_ids.0": "use1-az1",
                            "zone_ids.1": "use1-az2",
                            "zone_ids.2": "use1-az4",
                            "zone_ids.3": "use1-az6",
                            "zone_ids.4": "use1-az3",
                            "zone_ids.5": "use1-az5"
                        },
                        "meta": {},
                        "tainted": false
                    },
                    "deposed": [],
                    "provider": "module.frontend.provider.aws"
                }
            },
            "depends_on": []
        }
    ]
}
