{
    "version": 3,
    "terraform_version": "0.11.13",
    "serial": 29,
    "lineage": "f250dc5f-fb88-d053-6426-ba335160fbac",
    "modules": [
        {
            "path": [
                "root"
            ],
            "outputs": {},
            "resources": {
                "aws_instance.webapp": {
                    "type": "aws_instance",
                    "depends_on": [
                        "aws_key_pair.pair"
                    ],
                    "primary": {
                        "id": "i-019f88cdce4f1d896",
                        "attributes": {
                            "ami": "ami-011b3ccf1bd6db744",
                            "arn": "arn:aws:ec2:us-east-1:501558342260:instance/i-019f88cdce4f1d896",
                            "associate_public_ip_address": "true",
                            "availability_zone": "us-east-1a",
                            "cpu_core_count": "1",
                            "cpu_threads_per_core": "1",
                            "credit_specification.#": "1",
                            "credit_specification.0.cpu_credits": "standard",
                            "disable_api_termination": "false",
                            "ebs_block_device.#": "0",
                            "ebs_optimized": "false",
                            "ephemeral_block_device.#": "0",
                            "get_password_data": "false",
                            "iam_instance_profile": "",
                            "id": "i-019f88cdce4f1d896",
                            "instance_state": "running",
                            "instance_type": "t2.micro",
                            "ipv6_address_count": "0",
                            "ipv6_addresses.#": "0",
                            "key_name": "key",
                            "monitoring": "false",
                            "network_interface.#": "0",
                            "password_data": "",
                            "placement_group": "",
                            "primary_network_interface_id": "eni-02b32ac53295ae29a",
                            "private_dns": "ip-192-168-1-182.ec2.internal",
                            "private_ip": "192.168.1.182",
                            "public_dns": "ec2-100-27-47-192.compute-1.amazonaws.com",
                            "public_ip": "100.27.47.192",
                            "root_block_device.#": "1",
                            "root_block_device.0.delete_on_termination": "true",
                            "root_block_device.0.iops": "100",
                            "root_block_device.0.volume_id": "vol-02e2887c24b13d660",
                            "root_block_device.0.volume_size": "10",
                            "root_block_device.0.volume_type": "gp2",
                            "security_groups.#": "0",
                            "source_dest_check": "true",
                            "subnet_id": "subnet-0b6b575f42bd72c86",
                            "tags.%": "0",
                            "tenancy": "default",
                            "volume_tags.%": "0",
                            "vpc_security_group_ids.#": "1",
                            "vpc_security_group_ids.239090778": "sg-0f0468550e872a1b3"
                        },
                        "meta": {
                            "e2bfb730-ecaa-11e6-8f88-34363bc7c4c0": {
                                "create": 600000000000,
                                "delete": 1200000000000,
                                "update": 600000000000
                            },
                            "schema_version": "1"
                        },
                        "tainted": false
                    },
                    "deposed": [],
                    "provider": "provider.aws"
                },
                "aws_key_pair.pair": {
                    "type": "aws_key_pair",
                    "depends_on": [],
                    "primary": {
                        "id": "key",
                        "attributes": {
                            "fingerprint": "78:35:87:cb:0b:1c:3f:5d:1b:2f:2a:c4:9e:50:3e:82",
                            "id": "key",
                            "key_name": "key",
                            "public_key": "ssh-rsa AAAAB3NzaC1yc2EAAAADAQABAAABAQDLO4HTQmwNj5X7NTgKJwT+Kdamfb9dKDbe/cY39beZ4KBm5a3CMw/Nv1CckRh9BhPAL6kCB8wCbQCUaJj79Lb9/9vRCB5muXYvmzRsC/Aj+krvAx55pHtcUOGzuFY1eaGzdzsho6q6qWBVFrXVI5EKr9Td1XO1jhcASASZG9FLU7lzAW3hQvVB6Bk6SVkbCcaI+jge9Ll7YqTwTbHc/wc8PBPqRCKitpn2ZOIz4serEhnCOE9TnACYqo52elPm8UP+5tJjQE6pZRP2GY+u3tX4sF6lP9iVG+kt9JWiZ6h2dOTAyp133k4whI099B1qQmqqFINnCzaKbLj6NApsfK6/ root@localhost.localdomain"
                        },
                        "meta": {
                            "schema_version": "1"
                        },
                        "tainted": false
                    },
                    "deposed": [],
                    "provider": "provider.aws"
                }
            },
            "depends_on": []
        }
    ]
}
