{
    "version": 3,
    "terraform_version": "0.11.13",
    "serial": 18,
    "lineage": "f387ca79-f069-16eb-14dd-ed7e10be4f7c",
    "modules": [
        {
            "path": [
                "root"
            ],
            "outputs": {},
            "resources": {},
            "depends_on": []
        },
        {
            "path": [
                "root",
                "backend"
            ],
            "outputs": {},
            "resources": {
                "aws_instance.backend": {
                    "type": "aws_instance",
                    "depends_on": [
                        "aws_key_pair.pair",
                        "aws_security_group.examplesg",
                        "data.aws_availability_zones.azs"
                    ],
                    "primary": {
                        "id": "i-0c94684b29820f924",
                        "attributes": {
                            "ami": "ami-0019ef04ac50be30f",
                            "arn": "arn:aws:ec2:us-west-1:501558342260:instance/i-0c94684b29820f924",
                            "associate_public_ip_address": "true",
                            "availability_zone": "us-west-1a",
                            "cpu_core_count": "1",
                            "cpu_threads_per_core": "1",
                            "credit_specification.#": "1",
                            "credit_specification.0.cpu_credits": "standard",
                            "disable_api_termination": "false",
                            "ebs_block_device.#": "0",
                            "ebs_optimized": "false",
                            "ephemeral_block_device.#": "0",
                            "get_password_data": "false",
                            "iam_instance_profile": "",
                            "id": "i-0c94684b29820f924",
                            "instance_state": "running",
                            "instance_type": "t2.micro",
                            "ipv6_address_count": "0",
                            "ipv6_addresses.#": "0",
                            "key_name": "key",
                            "monitoring": "false",
                            "network_interface.#": "0",
                            "password_data": "",
                            "placement_group": "",
                            "primary_network_interface_id": "eni-0841fa31bf0292513",
                            "private_dns": "ip-172-31-26-135.us-west-1.compute.internal",
                            "private_ip": "172.31.26.135",
                            "public_dns": "ec2-18-144-65-44.us-west-1.compute.amazonaws.com",
                            "public_ip": "18.144.65.44",
                            "root_block_device.#": "1",
                            "root_block_device.0.delete_on_termination": "true",
                            "root_block_device.0.iops": "100",
                            "root_block_device.0.volume_id": "vol-07fd8e656b64a224a",
                            "root_block_device.0.volume_size": "8",
                            "root_block_device.0.volume_type": "gp2",
                            "security_groups.#": "1",
                            "security_groups.118847840": "terraform-20190507073042226900000002",
                            "source_dest_check": "true",
                            "subnet_id": "subnet-d3cda2b4",
                            "tags.%": "0",
                            "tenancy": "default",
                            "volume_tags.%": "0",
                            "vpc_security_group_ids.#": "1",
                            "vpc_security_group_ids.2223477199": "sg-01d284e79a0945d64"
                        },
                        "meta": {
                            "e2bfb730-ecaa-11e6-8f88-34363bc7c4c0": {
                                "create": 600000000000,
                                "delete": 1200000000000,
                                "update": 600000000000
                            },
                            "schema_version": "1"
                        },
                        "tainted": false
                    },
                    "deposed": [],
                    "provider": "module.backend.provider.aws"
                },
                "aws_key_pair.pair": {
                    "type": "aws_key_pair",
                    "depends_on": [],
                    "primary": {
                        "id": "key",
                        "attributes": {
                            "fingerprint": "78:35:87:cb:0b:1c:3f:5d:1b:2f:2a:c4:9e:50:3e:82",
                            "id": "key",
                            "key_name": "key",
                            "public_key": "ssh-rsa AAAAB3NzaC1yc2EAAAADAQABAAABAQDLO4HTQmwNj5X7NTgKJwT+Kdamfb9dKDbe/cY39beZ4KBm5a3CMw/Nv1CckRh9BhPAL6kCB8wCbQCUaJj79Lb9/9vRCB5muXYvmzRsC/Aj+krvAx55pHtcUOGzuFY1eaGzdzsho6q6qWBVFrXVI5EKr9Td1XO1jhcASASZG9FLU7lzAW3hQvVB6Bk6SVkbCcaI+jge9Ll7YqTwTbHc/wc8PBPqRCKitpn2ZOIz4serEhnCOE9TnACYqo52elPm8UP+5tJjQE6pZRP2GY+u3tX4sF6lP9iVG+kt9JWiZ6h2dOTAyp133k4whI099B1qQmqqFINnCzaKbLj6NApsfK6/ root@localhost.localdomain"
                        },
                        "meta": {
                            "schema_version": "1"
                        },
                        "tainted": false
                    },
                    "deposed": [],
                    "provider": "module.backend.provider.aws"
                },
                "aws_security_group.examplesg": {
                    "type": "aws_security_group",
                    "depends_on": [],
                    "primary": {
                        "id": "sg-01d284e79a0945d64",
                        "attributes": {
                            "arn": "arn:aws:ec2:us-west-1:501558342260:security-group/sg-01d284e79a0945d64",
                            "description": "Managed by Terraform",
                            "egress.#": "1",
                            "egress.482069346.cidr_blocks.#": "1",
                            "egress.482069346.cidr_blocks.0": "0.0.0.0/0",
                            "egress.482069346.description": "",
                            "egress.482069346.from_port": "0",
                            "egress.482069346.ipv6_cidr_blocks.#": "0",
                            "egress.482069346.prefix_list_ids.#": "0",
                            "egress.482069346.protocol": "-1",
                            "egress.482069346.security_groups.#": "0",
                            "egress.482069346.self": "false",
                            "egress.482069346.to_port": "0",
                            "id": "sg-01d284e79a0945d64",
                            "ingress.#": "2",
                            "ingress.2214680975.cidr_blocks.#": "1",
                            "ingress.2214680975.cidr_blocks.0": "0.0.0.0/0",
                            "ingress.2214680975.description": "",
                            "ingress.2214680975.from_port": "80",
                            "ingress.2214680975.ipv6_cidr_blocks.#": "0",
                            "ingress.2214680975.prefix_list_ids.#": "0",
                            "ingress.2214680975.protocol": "tcp",
                            "ingress.2214680975.security_groups.#": "0",
                            "ingress.2214680975.self": "false",
                            "ingress.2214680975.to_port": "80",
                            "ingress.2541437006.cidr_blocks.#": "1",
                            "ingress.2541437006.cidr_blocks.0": "0.0.0.0/0",
                            "ingress.2541437006.description": "",
                            "ingress.2541437006.from_port": "22",
                            "ingress.2541437006.ipv6_cidr_blocks.#": "0",
                            "ingress.2541437006.prefix_list_ids.#": "0",
                            "ingress.2541437006.protocol": "tcp",
                            "ingress.2541437006.security_groups.#": "0",
                            "ingress.2541437006.self": "false",
                            "ingress.2541437006.to_port": "22",
                            "name": "terraform-20190507073042226900000002",
                            "owner_id": "501558342260",
                            "revoke_rules_on_delete": "false",
                            "tags.%": "0",
                            "vpc_id": "vpc-8363b7e4"
                        },
                        "meta": {
                            "e2bfb730-ecaa-11e6-8f88-34363bc7c4c0": {
                                "create": 600000000000,
                                "delete": 600000000000
                            },
                            "schema_version": "1"
                        },
                        "tainted": false
                    },
                    "deposed": [],
                    "provider": "module.backend.provider.aws"
                },
                "data.aws_availability_zones.azs": {
                    "type": "aws_availability_zones",
                    "depends_on": [],
                    "primary": {
                        "id": "2019-05-07 07:29:58.475002163 +0000 UTC",
                        "attributes": {
                            "id": "2019-05-07 07:29:58.475002163 +0000 UTC",
                            "names.#": "2",
                            "names.0": "us-west-1a",
                            "names.1": "us-west-1c",
                            "zone_ids.#": "2",
                            "zone_ids.0": "usw1-az1",
                            "zone_ids.1": "usw1-az3"
                        },
                        "meta": {},
                        "tainted": false
                    },
                    "deposed": [],
                    "provider": "module.backend.provider.aws"
                }
            },
            "depends_on": []
        },
        {
            "path": [
                "root",
                "frontend"
            ],
            "outputs": {},
            "resources": {
                "aws_instance.frontend": {
                    "type": "aws_instance",
                    "depends_on": [
                        "aws_key_pair.pair",
                        "aws_security_group.examplesg",
                        "data.aws_availability_zones.azs"
                    ],
                    "primary": {
                        "id": "i-06fd404be8dda126d",
                        "attributes": {
                            "ami": "ami-0019ef04ac50be30f",
                            "arn": "arn:aws:ec2:us-west-1:501558342260:instance/i-06fd404be8dda126d",
                            "associate_public_ip_address": "true",
                            "availability_zone": "us-west-1a",
                            "cpu_core_count": "1",
                            "cpu_threads_per_core": "1",
                            "credit_specification.#": "1",
                            "credit_specification.0.cpu_credits": "standard",
                            "disable_api_termination": "false",
                            "ebs_block_device.#": "0",
                            "ebs_optimized": "false",
                            "ephemeral_block_device.#": "0",
                            "get_password_data": "false",
                            "iam_instance_profile": "",
                            "id": "i-06fd404be8dda126d",
                            "instance_state": "running",
                            "instance_type": "t2.micro",
                            "ipv6_address_count": "0",
                            "ipv6_addresses.#": "0",
                            "key_name": "fkey",
                            "monitoring": "false",
                            "network_interface.#": "0",
                            "password_data": "",
                            "placement_group": "",
                            "primary_network_interface_id": "eni-057d89702e4786baa",
                            "private_dns": "ip-172-31-27-243.us-west-1.compute.internal",
                            "private_ip": "172.31.27.243",
                            "public_dns": "ec2-54-215-153-42.us-west-1.compute.amazonaws.com",
                            "public_ip": "54.215.153.42",
                            "root_block_device.#": "1",
                            "root_block_device.0.delete_on_termination": "true",
                            "root_block_device.0.iops": "100",
                            "root_block_device.0.volume_id": "vol-091ccdee5da1b844c",
                            "root_block_device.0.volume_size": "8",
                            "root_block_device.0.volume_type": "gp2",
                            "security_groups.#": "1",
                            "security_groups.1378558837": "terraform-20190507073042224700000001",
                            "source_dest_check": "true",
                            "subnet_id": "subnet-d3cda2b4",
                            "tags.%": "0",
                            "tenancy": "default",
                            "volume_tags.%": "0",
                            "vpc_security_group_ids.#": "1",
                            "vpc_security_group_ids.3084706534": "sg-07ac8772183714106"
                        },
                        "meta": {
                            "e2bfb730-ecaa-11e6-8f88-34363bc7c4c0": {
                                "create": 600000000000,
                                "delete": 1200000000000,
                                "update": 600000000000
                            },
                            "schema_version": "1"
                        },
                        "tainted": false
                    },
                    "deposed": [],
                    "provider": "module.frontend.provider.aws"
                },
                "aws_key_pair.pair": {
                    "type": "aws_key_pair",
                    "depends_on": [],
                    "primary": {
                        "id": "fkey",
                        "attributes": {
                            "fingerprint": "78:35:87:cb:0b:1c:3f:5d:1b:2f:2a:c4:9e:50:3e:82",
                            "id": "fkey",
                            "key_name": "fkey",
                            "public_key": "ssh-rsa AAAAB3NzaC1yc2EAAAADAQABAAABAQDLO4HTQmwNj5X7NTgKJwT+Kdamfb9dKDbe/cY39beZ4KBm5a3CMw/Nv1CckRh9BhPAL6kCB8wCbQCUaJj79Lb9/9vRCB5muXYvmzRsC/Aj+krvAx55pHtcUOGzuFY1eaGzdzsho6q6qWBVFrXVI5EKr9Td1XO1jhcASASZG9FLU7lzAW3hQvVB6Bk6SVkbCcaI+jge9Ll7YqTwTbHc/wc8PBPqRCKitpn2ZOIz4serEhnCOE9TnACYqo52elPm8UP+5tJjQE6pZRP2GY+u3tX4sF6lP9iVG+kt9JWiZ6h2dOTAyp133k4whI099B1qQmqqFINnCzaKbLj6NApsfK6/ root@localhost.localdomain"
                        },
                        "meta": {
                            "schema_version": "1"
                        },
                        "tainted": false
                    },
                    "deposed": [],
                    "provider": "module.frontend.provider.aws"
                },
                "aws_security_group.examplesg": {
                    "type": "aws_security_group",
                    "depends_on": [],
                    "primary": {
                        "id": "sg-07ac8772183714106",
                        "attributes": {
                            "arn": "arn:aws:ec2:us-west-1:501558342260:security-group/sg-07ac8772183714106",
                            "description": "Managed by Terraform",
                            "egress.#": "1",
                            "egress.482069346.cidr_blocks.#": "1",
                            "egress.482069346.cidr_blocks.0": "0.0.0.0/0",
                            "egress.482069346.description": "",
                            "egress.482069346.from_port": "0",
                            "egress.482069346.ipv6_cidr_blocks.#": "0",
                            "egress.482069346.prefix_list_ids.#": "0",
                            "egress.482069346.protocol": "-1",
                            "egress.482069346.security_groups.#": "0",
                            "egress.482069346.self": "false",
                            "egress.482069346.to_port": "0",
                            "id": "sg-07ac8772183714106",
                            "ingress.#": "2",
                            "ingress.2214680975.cidr_blocks.#": "1",
                            "ingress.2214680975.cidr_blocks.0": "0.0.0.0/0",
                            "ingress.2214680975.description": "",
                            "ingress.2214680975.from_port": "80",
                            "ingress.2214680975.ipv6_cidr_blocks.#": "0",
                            "ingress.2214680975.prefix_list_ids.#": "0",
                            "ingress.2214680975.protocol": "tcp",
                            "ingress.2214680975.security_groups.#": "0",
                            "ingress.2214680975.self": "false",
                            "ingress.2214680975.to_port": "80",
                            "ingress.2541437006.cidr_blocks.#": "1",
                            "ingress.2541437006.cidr_blocks.0": "0.0.0.0/0",
                            "ingress.2541437006.description": "",
                            "ingress.2541437006.from_port": "22",
                            "ingress.2541437006.ipv6_cidr_blocks.#": "0",
                            "ingress.2541437006.prefix_list_ids.#": "0",
                            "ingress.2541437006.protocol": "tcp",
                            "ingress.2541437006.security_groups.#": "0",
                            "ingress.2541437006.self": "false",
                            "ingress.2541437006.to_port": "22",
                            "name": "terraform-20190507073042224700000001",
                            "owner_id": "501558342260",
                            "revoke_rules_on_delete": "false",
                            "tags.%": "0",
                            "vpc_id": "vpc-8363b7e4"
                        },
                        "meta": {
                            "e2bfb730-ecaa-11e6-8f88-34363bc7c4c0": {
                                "create": 600000000000,
                                "delete": 600000000000
                            },
                            "schema_version": "1"
                        },
                        "tainted": false
                    },
                    "deposed": [],
                    "provider": "module.frontend.provider.aws"
                },
                "data.aws_availability_zones.azs": {
                    "type": "aws_availability_zones",
                    "depends_on": [],
                    "primary": {
                        "id": "2019-05-07 07:29:58.14244661 +0000 UTC",
                        "attributes": {
                            "id": "2019-05-07 07:29:58.14244661 +0000 UTC",
                            "names.#": "2",
                            "names.0": "us-west-1a",
                            "names.1": "us-west-1c",
                            "zone_ids.#": "2",
                            "zone_ids.0": "usw1-az1",
                            "zone_ids.1": "usw1-az3"
                        },
                        "meta": {},
                        "tainted": false
                    },
                    "deposed": [],
                    "provider": "module.frontend.provider.aws"
                }
            },
            "depends_on": []
        }
    ]
}
