{
    "version": 3,
    "terraform_version": "0.11.13",
    "serial": 2,
    "lineage": "a58e796f-86dc-7e99-312a-68fbc7b7f7fa",
    "modules": [
        {
            "path": [
                "root"
            ],
            "outputs": {},
            "resources": {
                "aws_instance.server": {
                    "type": "aws_instance",
                    "depends_on": [],
                    "primary": {
                        "id": "i-046232bd6b5333481",
                        "attributes": {
                            "ami": "ami-036affea69a1101c9",
                            "arn": "arn:aws:ec2:us-west-2:501558342260:instance/i-046232bd6b5333481",
                            "associate_public_ip_address": "true",
                            "availability_zone": "us-west-2b",
                            "cpu_core_count": "1",
                            "cpu_threads_per_core": "1",
                            "credit_specification.#": "1",
                            "credit_specification.0.cpu_credits": "standard",
                            "disable_api_termination": "false",
                            "ebs_block_device.#": "0",
                            "ebs_optimized": "false",
                            "ephemeral_block_device.#": "0",
                            "get_password_data": "false",
                            "iam_instance_profile": "",
                            "id": "i-046232bd6b5333481",
                            "instance_state": "running",
                            "instance_type": "t2.micro",
                            "ipv6_addresses.#": "0",
                            "key_name": "",
                            "monitoring": "false",
                            "network_interface.#": "0",
                            "password_data": "",
                            "placement_group": "",
                            "primary_network_interface_id": "eni-09b0d01d65670acc4",
                            "private_dns": "ip-172-31-28-133.us-west-2.compute.internal",
                            "private_ip": "172.31.28.133",
                            "public_dns": "ec2-35-163-6-211.us-west-2.compute.amazonaws.com",
                            "public_ip": "35.163.6.211",
                            "root_block_device.#": "1",
                            "root_block_device.0.delete_on_termination": "true",
                            "root_block_device.0.iops": "100",
                            "root_block_device.0.volume_id": "vol-04b515b256ffcb367",
                            "root_block_device.0.volume_size": "10",
                            "root_block_device.0.volume_type": "gp2",
                            "security_groups.#": "1",
                            "security_groups.3814588639": "default",
                            "source_dest_check": "true",
                            "subnet_id": "subnet-c178f8a7",
                            "tags.%": "1",
                            "tags.Name": "Deployed from terraform",
                            "tenancy": "default",
                            "volume_tags.%": "0",
                            "vpc_security_group_ids.#": "1",
                            "vpc_security_group_ids.875068547": "sg-b8882cc5"
                        },
                        "meta": {
                            "e2bfb730-ecaa-11e6-8f88-34363bc7c4c0": {
                                "create": 600000000000,
                                "delete": 1200000000000,
                                "update": 600000000000
                            },
                            "schema_version": "1"
                        },
                        "tainted": false
                    },
                    "deposed": [],
                    "provider": "provider.aws"
                }
            },
            "depends_on": []
        }
    ]
}
