{
    "version": 3,
    "terraform_version": "0.11.13",
    "serial": 2,
    "lineage": "b43eadfe-6b16-aa22-9e26-9bf25cae78db",
    "modules": [
        {
            "path": [
                "root"
            ],
            "outputs": {},
            "resources": {
                "aws_subnet.subnet1": {
                    "type": "aws_subnet",
                    "depends_on": [
                        "aws_vpc.logic_vpc"
                    ],
                    "primary": {
                        "id": "subnet-0d42112c71dac571e",
                        "attributes": {
                            "arn": "arn:aws:ec2:us-west-2:501558342260:subnet/subnet-0d42112c71dac571e",
                            "assign_ipv6_address_on_creation": "false",
                            "availability_zone": "us-west-2d",
                            "availability_zone_id": "usw2-az4",
                            "cidr_block": "10.0.1.0/24",
                            "id": "subnet-0d42112c71dac571e",
                            "ipv6_cidr_block": "",
                            "ipv6_cidr_block_association_id": "",
                            "map_public_ip_on_launch": "false",
                            "owner_id": "501558342260",
                            "tags.%": "1",
                            "tags.Name": "subnet1",
                            "vpc_id": "vpc-0057b51cca5a653d0"
                        },
                        "meta": {
                            "e2bfb730-ecaa-11e6-8f88-34363bc7c4c0": {
                                "create": 600000000000,
                                "delete": 600000000000
                            },
                            "schema_version": "1"
                        },
                        "tainted": false
                    },
                    "deposed": [],
                    "provider": "provider.aws"
                },
                "aws_vpc.logic_vpc": {
                    "type": "aws_vpc",
                    "depends_on": [],
                    "primary": {
                        "id": "vpc-0057b51cca5a653d0",
                        "attributes": {
                            "arn": "arn:aws:ec2:us-west-2:501558342260:vpc/vpc-0057b51cca5a653d0",
                            "assign_generated_ipv6_cidr_block": "false",
                            "cidr_block": "10.0.0.0/16",
                            "default_network_acl_id": "acl-0e04e0d355deb43b4",
                            "default_route_table_id": "rtb-00fa3b86d86fb324b",
                            "default_security_group_id": "sg-0d39b22bd9d64fb56",
                            "dhcp_options_id": "dopt-ba41ffdc",
                            "enable_classiclink": "false",
                            "enable_classiclink_dns_support": "false",
                            "enable_dns_hostnames": "false",
                            "enable_dns_support": "true",
                            "id": "vpc-0057b51cca5a653d0",
                            "instance_tenancy": "default",
                            "ipv6_association_id": "",
                            "ipv6_cidr_block": "",
                            "main_route_table_id": "rtb-00fa3b86d86fb324b",
                            "owner_id": "501558342260",
                            "tags.%": "1",
                            "tags.Name": "main"
                        },
                        "meta": {
                            "schema_version": "1"
                        },
                        "tainted": false
                    },
                    "deposed": [],
                    "provider": "provider.aws"
                }
            },
            "depends_on": []
        }
    ]
}
