{
    "version": 3,
    "terraform_version": "0.11.13",
    "serial": 10,
    "lineage": "9c6c6621-585e-302f-344b-2368fa704127",
    "modules": [
        {
            "path": [
                "root"
            ],
            "outputs": {},
            "resources": {
                "aws_subnet.subnet.0": {
                    "type": "aws_subnet",
                    "depends_on": [
                        "aws_vpc.logic_vpc",
                        "data.aws_availability_zones.azs"
                    ],
                    "primary": {
                        "id": "subnet-082c12aa688215abb",
                        "attributes": {
                            "arn": "arn:aws:ec2:us-west-2:501558342260:subnet/subnet-082c12aa688215abb",
                            "assign_ipv6_address_on_creation": "false",
                            "availability_zone": "us-west-2a",
                            "availability_zone_id": "usw2-az2",
                            "cidr_block": "10.0.1.0/24",
                            "id": "subnet-082c12aa688215abb",
                            "ipv6_cidr_block": "",
                            "ipv6_cidr_block_association_id": "",
                            "map_public_ip_on_launch": "false",
                            "owner_id": "501558342260",
                            "tags.%": "1",
                            "tags.Name": "10.0.1.0/24",
                            "vpc_id": "vpc-0d9da738e78d6cc66"
                        },
                        "meta": {
                            "e2bfb730-ecaa-11e6-8f88-34363bc7c4c0": {
                                "create": 600000000000,
                                "delete": 600000000000
                            },
                            "schema_version": "1"
                        },
                        "tainted": false
                    },
                    "deposed": [],
                    "provider": "provider.aws"
                },
                "aws_subnet.subnet.1": {
                    "type": "aws_subnet",
                    "depends_on": [
                        "aws_vpc.logic_vpc",
                        "data.aws_availability_zones.azs"
                    ],
                    "primary": {
                        "id": "subnet-08e08dcc61591cbd4",
                        "attributes": {
                            "arn": "arn:aws:ec2:us-west-2:501558342260:subnet/subnet-08e08dcc61591cbd4",
                            "assign_ipv6_address_on_creation": "false",
                            "availability_zone": "us-west-2b",
                            "availability_zone_id": "usw2-az1",
                            "cidr_block": "10.0.2.0/24",
                            "id": "subnet-08e08dcc61591cbd4",
                            "ipv6_cidr_block": "",
                            "ipv6_cidr_block_association_id": "",
                            "map_public_ip_on_launch": "false",
                            "owner_id": "501558342260",
                            "tags.%": "1",
                            "tags.Name": "10.0.2.0/24",
                            "vpc_id": "vpc-0d9da738e78d6cc66"
                        },
                        "meta": {
                            "e2bfb730-ecaa-11e6-8f88-34363bc7c4c0": {
                                "create": 600000000000,
                                "delete": 600000000000
                            },
                            "schema_version": "1"
                        },
                        "tainted": false
                    },
                    "deposed": [],
                    "provider": "provider.aws"
                },
                "aws_subnet.subnet.2": {
                    "type": "aws_subnet",
                    "depends_on": [
                        "aws_vpc.logic_vpc",
                        "data.aws_availability_zones.azs"
                    ],
                    "primary": {
                        "id": "subnet-070ccaf0fdf306bfd",
                        "attributes": {
                            "arn": "arn:aws:ec2:us-west-2:501558342260:subnet/subnet-070ccaf0fdf306bfd",
                            "assign_ipv6_address_on_creation": "false",
                            "availability_zone": "us-west-2c",
                            "availability_zone_id": "usw2-az3",
                            "cidr_block": "10.0.3.0/24",
                            "id": "subnet-070ccaf0fdf306bfd",
                            "ipv6_cidr_block": "",
                            "ipv6_cidr_block_association_id": "",
                            "map_public_ip_on_launch": "false",
                            "owner_id": "501558342260",
                            "tags.%": "1",
                            "tags.Name": "10.0.3.0/24",
                            "vpc_id": "vpc-0d9da738e78d6cc66"
                        },
                        "meta": {
                            "e2bfb730-ecaa-11e6-8f88-34363bc7c4c0": {
                                "create": 600000000000,
                                "delete": 600000000000
                            },
                            "schema_version": "1"
                        },
                        "tainted": false
                    },
                    "deposed": [],
                    "provider": "provider.aws"
                },
                "aws_subnet.subnet.3": {
                    "type": "aws_subnet",
                    "depends_on": [
                        "aws_vpc.logic_vpc",
                        "data.aws_availability_zones.azs"
                    ],
                    "primary": {
                        "id": "subnet-0a26bc58fb6db9bbe",
                        "attributes": {
                            "arn": "arn:aws:ec2:us-west-2:501558342260:subnet/subnet-0a26bc58fb6db9bbe",
                            "assign_ipv6_address_on_creation": "false",
                            "availability_zone": "us-west-2d",
                            "availability_zone_id": "usw2-az4",
                            "cidr_block": "10.0.4.0/24",
                            "id": "subnet-0a26bc58fb6db9bbe",
                            "ipv6_cidr_block": "",
                            "ipv6_cidr_block_association_id": "",
                            "map_public_ip_on_launch": "false",
                            "owner_id": "501558342260",
                            "tags.%": "1",
                            "tags.Name": "10.0.4.0/24",
                            "vpc_id": "vpc-0d9da738e78d6cc66"
                        },
                        "meta": {
                            "e2bfb730-ecaa-11e6-8f88-34363bc7c4c0": {
                                "create": 600000000000,
                                "delete": 600000000000
                            },
                            "schema_version": "1"
                        },
                        "tainted": false
                    },
                    "deposed": [],
                    "provider": "provider.aws"
                },
                "aws_vpc.logic_vpc": {
                    "type": "aws_vpc",
                    "depends_on": [],
                    "primary": {
                        "id": "vpc-0d9da738e78d6cc66",
                        "attributes": {
                            "arn": "arn:aws:ec2:us-west-2:501558342260:vpc/vpc-0d9da738e78d6cc66",
                            "assign_generated_ipv6_cidr_block": "false",
                            "cidr_block": "10.0.0.0/16",
                            "default_network_acl_id": "acl-052112af54381b21b",
                            "default_route_table_id": "rtb-0893c7d22f6f78726",
                            "default_security_group_id": "sg-03af3fd79c9f35ef2",
                            "dhcp_options_id": "dopt-ba41ffdc",
                            "enable_classiclink": "false",
                            "enable_classiclink_dns_support": "false",
                            "enable_dns_hostnames": "false",
                            "enable_dns_support": "true",
                            "id": "vpc-0d9da738e78d6cc66",
                            "instance_tenancy": "default",
                            "ipv6_association_id": "",
                            "ipv6_cidr_block": "",
                            "main_route_table_id": "rtb-0893c7d22f6f78726",
                            "owner_id": "501558342260",
                            "tags.%": "1",
                            "tags.Name": "Created by using terraform"
                        },
                        "meta": {
                            "schema_version": "1"
                        },
                        "tainted": false
                    },
                    "deposed": [],
                    "provider": "provider.aws"
                },
                "data.aws_availability_zones.azs": {
                    "type": "aws_availability_zones",
                    "depends_on": [],
                    "primary": {
                        "id": "2019-04-01 13:26:44.205320402 +0000 UTC",
                        "attributes": {
                            "id": "2019-04-01 13:26:44.205320402 +0000 UTC",
                            "names.#": "4",
                            "names.0": "us-west-2a",
                            "names.1": "us-west-2b",
                            "names.2": "us-west-2c",
                            "names.3": "us-west-2d",
                            "zone_ids.#": "4",
                            "zone_ids.0": "usw2-az2",
                            "zone_ids.1": "usw2-az1",
                            "zone_ids.2": "usw2-az3",
                            "zone_ids.3": "usw2-az4"
                        },
                        "meta": {},
                        "tainted": false
                    },
                    "deposed": [],
                    "provider": "provider.aws"
                }
            },
            "depends_on": []
        }
    ]
}
